// !$*UTF8*$!
{
	archiveVersion = 1;
	classes = {
	};
	objectVersion = 50;
	objects = {

/* Begin PBXBuildFile section */
		FB215352262DE5D600BE529D /* PriceCalcApp.swift in Sources */ = {isa = PBXBuildFile; fileRef = FB215351262DE5D600BE529D /* PriceCalcApp.swift */; };
		FB215354262DE5D600BE529D /* MainView.swift in Sources */ = {isa = PBXBuildFile; fileRef = FB215353262DE5D600BE529D /* MainView.swift */; };
		FB215356262DE5D800BE529D /* Assets.xcassets in Resources */ = {isa = PBXBuildFile; fileRef = FB215355262DE5D800BE529D /* Assets.xcassets */; };
		FB215359262DE5D800BE529D /* Preview Assets.xcassets in Resources */ = {isa = PBXBuildFile; fileRef = FB215358262DE5D800BE529D /* Preview Assets.xcassets */; };
		FB215363262E21D900BE529D /* TextFieldFirstResponder.swift in Sources */ = {isa = PBXBuildFile; fileRef = FB215362262E21D900BE529D /* TextFieldFirstResponder.swift */; };
		FB215366262EFA8A00BE529D /* KeyboardAvoidance.swift in Sources */ = {isa = PBXBuildFile; fileRef = FB215365262EFA8A00BE529D /* KeyboardAvoidance.swift */; };
		FB215369262F308500BE529D /* KeyboardAvoidance+Extensions.swift in Sources */ = {isa = PBXBuildFile; fileRef = FB215368262F308500BE529D /* KeyboardAvoidance+Extensions.swift */; };
		FB21536D262F31A600BE529D /* AppStrings.swift in Sources */ = {isa = PBXBuildFile; fileRef = FB21536C262F31A600BE529D /* AppStrings.swift */; };
		FBAA5C6C263153CF004AAA7A /* CalculatorView.swift in Sources */ = {isa = PBXBuildFile; fileRef = FBAA5C6B263153CF004AAA7A /* CalculatorView.swift */; };
/* End PBXBuildFile section */

/* Begin PBXFileReference section */
		FB21534E262DE5D600BE529D /* PriceCalc.app */ = {isa = PBXFileReference; explicitFileType = wrapper.application; includeInIndex = 0; path = PriceCalc.app; sourceTree = BUILT_PRODUCTS_DIR; };
		FB215351262DE5D600BE529D /* PriceCalcApp.swift */ = {isa = PBXFileReference; lastKnownFileType = sourcecode.swift; path = PriceCalcApp.swift; sourceTree = "<group>"; };
		FB215353262DE5D600BE529D /* MainView.swift */ = {isa = PBXFileReference; lastKnownFileType = sourcecode.swift; path = MainView.swift; sourceTree = "<group>"; };
		FB215355262DE5D800BE529D /* Assets.xcassets */ = {isa = PBXFileReference; lastKnownFileType = folder.assetcatalog; path = Assets.xcassets; sourceTree = "<group>"; };
		FB215358262DE5D800BE529D /* Preview Assets.xcassets */ = {isa = PBXFileReference; lastKnownFileType = folder.assetcatalog; path = "Preview Assets.xcassets"; sourceTree = "<group>"; };
		FB21535A262DE5D800BE529D /* Info.plist */ = {isa = PBXFileReference; lastKnownFileType = text.plist.xml; path = Info.plist; sourceTree = "<group>"; };
		FB215362262E21D900BE529D /* TextFieldFirstResponder.swift */ = {isa = PBXFileReference; lastKnownFileType = sourcecode.swift; path = TextFieldFirstResponder.swift; sourceTree = "<group>"; };
		FB215365262EFA8A00BE529D /* KeyboardAvoidance.swift */ = {isa = PBXFileReference; lastKnownFileType = sourcecode.swift; path = KeyboardAvoidance.swift; sourceTree = "<group>"; };
		FB215368262F308500BE529D /* KeyboardAvoidance+Extensions.swift */ = {isa = PBXFileReference; lastKnownFileType = sourcecode.swift; path = "KeyboardAvoidance+Extensions.swift"; sourceTree = "<group>"; };
		FB21536C262F31A600BE529D /* AppStrings.swift */ = {isa = PBXFileReference; lastKnownFileType = sourcecode.swift; path = AppStrings.swift; sourceTree = "<group>"; };
		FBAA5C6B263153CF004AAA7A /* CalculatorView.swift */ = {isa = PBXFileReference; lastKnownFileType = sourcecode.swift; path = CalculatorView.swift; sourceTree = "<group>"; };
/* End PBXFileReference section */

/* Begin PBXFrameworksBuildPhase section */
		FB21534B262DE5D600BE529D /* Frameworks */ = {
			isa = PBXFrameworksBuildPhase;
			buildActionMask = 2147483647;
			files = (
			);
			runOnlyForDeploymentPostprocessing = 0;
		};
/* End PBXFrameworksBuildPhase section */

/* Begin PBXGroup section */
		FB215345262DE5D600BE529D = {
			isa = PBXGroup;
			children = (
				FB215350262DE5D600BE529D /* PriceCalc */,
				FB21534F262DE5D600BE529D /* Products */,
			);
			sourceTree = "<group>";
		};
		FB21534F262DE5D600BE529D /* Products */ = {
			isa = PBXGroup;
			children = (
				FB21534E262DE5D600BE529D /* PriceCalc.app */,
			);
			name = Products;
			sourceTree = "<group>";
		};
		FB215350262DE5D600BE529D /* PriceCalc */ = {
			isa = PBXGroup;
			children = (
				FB21536F262F36B400BE529D /* Views */,
				FB215351262DE5D600BE529D /* PriceCalcApp.swift */,
				FB215353262DE5D600BE529D /* MainView.swift */,
				FBAA5C6B263153CF004AAA7A /* CalculatorView.swift */,
				FB21536C262F31A600BE529D /* AppStrings.swift */,
				FB215368262F308500BE529D /* KeyboardAvoidance+Extensions.swift */,
				FB215365262EFA8A00BE529D /* KeyboardAvoidance.swift */,
				FB215362262E21D900BE529D /* TextFieldFirstResponder.swift */,
				FB215355262DE5D800BE529D /* Assets.xcassets */,
				FB21535A262DE5D800BE529D /* Info.plist */,
				FB215357262DE5D800BE529D /* Preview Content */,
			);
			path = PriceCalc;
			sourceTree = "<group>";
		};
		FB215357262DE5D800BE529D /* Preview Content */ = {
			isa = PBXGroup;
			children = (
				FB215358262DE5D800BE529D /* Preview Assets.xcassets */,
			);
			path = "Preview Content";
			sourceTree = "<group>";
		};
		FB21536F262F36B400BE529D /* Views */ = {
			isa = PBXGroup;
			children = (
			);
			path = Views;
			sourceTree = "<group>";
		};
/* End PBXGroup section */

/* Begin PBXNativeTarget section */
		FB21534D262DE5D600BE529D /* PriceCalc */ = {
			isa = PBXNativeTarget;
			buildConfigurationList = FB21535D262DE5D800BE529D /* Build configuration list for PBXNativeTarget "PriceCalc" */;
			buildPhases = (
				FB21534A262DE5D600BE529D /* Sources */,
				FB21534B262DE5D600BE529D /* Frameworks */,
				FB21534C262DE5D600BE529D /* Resources */,
			);
			buildRules = (
			);
			dependencies = (
			);
			name = PriceCalc;
			productName = PriceCalc;
			productReference = FB21534E262DE5D600BE529D /* PriceCalc.app */;
			productType = "com.apple.product-type.application";
		};
/* End PBXNativeTarget section */

/* Begin PBXProject section */
		FB215346262DE5D600BE529D /* Project object */ = {
			isa = PBXProject;
			attributes = {
				LastSwiftUpdateCheck = 1240;
				LastUpgradeCheck = 1240;
				TargetAttributes = {
					FB21534D262DE5D600BE529D = {
						CreatedOnToolsVersion = 12.4;
					};
				};
			};
			buildConfigurationList = FB215349262DE5D600BE529D /* Build configuration list for PBXProject "PriceCalc" */;
			compatibilityVersion = "Xcode 9.3";
			developmentRegion = en;
			hasScannedForEncodings = 0;
			knownRegions = (
				en,
				Base,
			);
			mainGroup = FB215345262DE5D600BE529D;
			productRefGroup = FB21534F262DE5D600BE529D /* Products */;
			projectDirPath = "";
			projectRoot = "";
			targets = (
				FB21534D262DE5D600BE529D /* PriceCalc */,
			);
		};
/* End PBXProject section */

/* Begin PBXResourcesBuildPhase section */
		FB21534C262DE5D600BE529D /* Resources */ = {
			isa = PBXResourcesBuildPhase;
			buildActionMask = 2147483647;
			files = (
				FB215359262DE5D800BE529D /* Preview Assets.xcassets in Resources */,
				FB215356262DE5D800BE529D /* Assets.xcassets in Resources */,
			);
			runOnlyForDeploymentPostprocessing = 0;
		};
/* End PBXResourcesBuildPhase section */

/* Begin PBXSourcesBuildPhase section */
		FB21534A262DE5D600BE529D /* Sources */ = {
			isa = PBXSourcesBuildPhase;
			buildActionMask = 2147483647;
			files = (
				FB21536D262F31A600BE529D /* AppStrings.swift in Sources */,
				FBAA5C6C263153CF004AAA7A /* CalculatorView.swift in Sources */,
				FB215363262E21D900BE529D /* TextFieldFirstResponder.swift in Sources */,
				FB215366262EFA8A00BE529D /* KeyboardAvoidance.swift in Sources */,
				FB215354262DE5D600BE529D /* MainView.swift in Sources */,
				FB215369262F308500BE529D /* KeyboardAvoidance+Extensions.swift in Sources */,
				FB215352262DE5D600BE529D /* PriceCalcApp.swift in Sources */,
			);
			runOnlyForDeploymentPostprocessing = 0;
		};
/* End PBXSourcesBuildPhase section */

/* Begin XCBuildConfiguration section */
		FB21535B262DE5D800BE529D /* Debug */ = {
			isa = XCBuildConfiguration;
			buildSettings = {
				ALWAYS_SEARCH_USER_PATHS = NO;
				CLANG_ANALYZER_NONNULL = YES;
				CLANG_ANALYZER_NUMBER_OBJECT_CONVERSION = YES_AGGRESSIVE;
				CLANG_CXX_LANGUAGE_STANDARD = "gnu++14";
				CLANG_CXX_LIBRARY = "libc++";
				CLANG_ENABLE_MODULES = YES;
				CLANG_ENABLE_OBJC_ARC = YES;
				CLANG_ENABLE_OBJC_WEAK = YES;
				CLANG_WARN_BLOCK_CAPTURE_AUTORELEASING = YES;
				CLANG_WARN_BOOL_CONVERSION = YES;
				CLANG_WARN_COMMA = YES;
				CLANG_WARN_CONSTANT_CONVERSION = YES;
				CLANG_WARN_DEPRECATED_OBJC_IMPLEMENTATIONS = YES;
				CLANG_WARN_DIRECT_OBJC_ISA_USAGE = YES_ERROR;
				CLANG_WARN_DOCUMENTATION_COMMENTS = YES;
				CLANG_WARN_EMPTY_BODY = YES;
				CLANG_WARN_ENUM_CONVERSION = YES;
				CLANG_WARN_INFINITE_RECURSION = YES;
				CLANG_WARN_INT_CONVERSION = YES;
				CLANG_WARN_NON_LITERAL_NULL_CONVERSION = YES;
				CLANG_WARN_OBJC_IMPLICIT_RETAIN_SELF = YES;
				CLANG_WARN_OBJC_LITERAL_CONVERSION = YES;
				CLANG_WARN_OBJC_ROOT_CLASS = YES_ERROR;
				CLANG_WARN_QUOTED_INCLUDE_IN_FRAMEWORK_HEADER = YES;
				CLANG_WARN_RANGE_LOOP_ANALYSIS = YES;
				CLANG_WARN_STRICT_PROTOTYPES = YES;
				CLANG_WARN_SUSPICIOUS_MOVE = YES;
				CLANG_WARN_UNGUARDED_AVAILABILITY = YES_AGGRESSIVE;
				CLANG_WARN_UNREACHABLE_CODE = YES;
				CLANG_WARN__DUPLICATE_METHOD_MATCH = YES;
				COPY_PHASE_STRIP = NO;
				DEBUG_INFORMATION_FORMAT = dwarf;
				ENABLE_STRICT_OBJC_MSGSEND = YES;
				ENABLE_TESTABILITY = YES;
				GCC_C_LANGUAGE_STANDARD = gnu11;
				GCC_DYNAMIC_NO_PIC = NO;
				GCC_NO_COMMON_BLOCKS = YES;
				GCC_OPTIMIZATION_LEVEL = 0;
				GCC_PREPROCESSOR_DEFINITIONS = (
					"DEBUG=1",
					"$(inherited)",
				);
				GCC_WARN_64_TO_32_BIT_CONVERSION = YES;
				GCC_WARN_ABOUT_RETURN_TYPE = YES_ERROR;
				GCC_WARN_UNDECLARED_SELECTOR = YES;
				GCC_WARN_UNINITIALIZED_AUTOS = YES_AGGRESSIVE;
				GCC_WARN_UNUSED_FUNCTION = YES;
				GCC_WARN_UNUSED_VARIABLE = YES;
				IPHONEOS_DEPLOYMENT_TARGET = 14.4;
				MTL_ENABLE_DEBUG_INFO = INCLUDE_SOURCE;
				MTL_FAST_MATH = YES;
				ONLY_ACTIVE_ARCH = YES;
				SDKROOT = iphoneos;
				SWIFT_ACTIVE_COMPILATION_CONDITIONS = DEBUG;
				SWIFT_OPTIMIZATION_LEVEL = "-Onone";
			};
			name = Debug;
		};
		FB21535C262DE5D800BE529D /* Release */ = {
			isa = XCBuildConfiguration;
			buildSettings = {
				ALWAYS_SEARCH_USER_PATHS = NO;
				CLANG_ANALYZER_NONNULL = YES;
				CLANG_ANALYZER_NUMBER_OBJECT_CONVERSION = YES_AGGRESSIVE;
				CLANG_CXX_LANGUAGE_STANDARD = "gnu++14";
				CLANG_CXX_LIBRARY = "libc++";
				CLANG_ENABLE_MODULES = YES;
				CLANG_ENABLE_OBJC_ARC = YES;
				CLANG_ENABLE_OBJC_WEAK = YES;
				CLANG_WARN_BLOCK_CAPTURE_AUTORELEASING = YES;
				CLANG_WARN_BOOL_CONVERSION = YES;
				CLANG_WARN_COMMA = YES;
				CLANG_WARN_CONSTANT_CONVERSION = YES;
				CLANG_WARN_DEPRECATED_OBJC_IMPLEMENTATIONS = YES;
				CLANG_WARN_DIRECT_OBJC_ISA_USAGE = YES_ERROR;
				CLANG_WARN_DOCUMENTATION_COMMENTS = YES;
				CLANG_WARN_EMPTY_BODY = YES;
				CLANG_WARN_ENUM_CONVERSION = YES;
				CLANG_WARN_INFINITE_RECURSION = YES;
				CLANG_WARN_INT_CONVERSION = YES;
				CLANG_WARN_NON_LITERAL_NULL_CONVERSION = YES;
				CLANG_WARN_OBJC_IMPLICIT_RETAIN_SELF = YES;
				CLANG_WARN_OBJC_LITERAL_CONVERSION = YES;
				CLANG_WARN_OBJC_ROOT_CLASS = YES_ERROR;
				CLANG_WARN_QUOTED_INCLUDE_IN_FRAMEWORK_HEADER = YES;
				CLANG_WARN_RANGE_LOOP_ANALYSIS = YES;
				CLANG_WARN_STRICT_PROTOTYPES = YES;
				CLANG_WARN_SUSPICIOUS_MOVE = YES;
				CLANG_WARN_UNGUARDED_AVAILABILITY = YES_AGGRESSIVE;
				CLANG_WARN_UNREACHABLE_CODE = YES;
				CLANG_WARN__DUPLICATE_METHOD_MATCH = YES;
				COPY_PHASE_STRIP = NO;
				DEBUG_INFORMATION_FORMAT = "dwarf-with-dsym";
				ENABLE_NS_ASSERTIONS = NO;
				ENABLE_STRICT_OBJC_MSGSEND = YES;
				GCC_C_LANGUAGE_STANDARD = gnu11;
				GCC_NO_COMMON_BLOCKS = YES;
				GCC_WARN_64_TO_32_BIT_CONVERSION = YES;
				GCC_WARN_ABOUT_RETURN_TYPE = YES_ERROR;
				GCC_WARN_UNDECLARED_SELECTOR = YES;
				GCC_WARN_UNINITIALIZED_AUTOS = YES_AGGRESSIVE;
				GCC_WARN_UNUSED_FUNCTION = YES;
				GCC_WARN_UNUSED_VARIABLE = YES;
				IPHONEOS_DEPLOYMENT_TARGET = 14.4;
				MTL_ENABLE_DEBUG_INFO = NO;
				MTL_FAST_MATH = YES;
				SDKROOT = iphoneos;
				SWIFT_COMPILATION_MODE = wholemodule;
				SWIFT_OPTIMIZATION_LEVEL = "-O";
				VALIDATE_PRODUCT = YES;
			};
			name = Release;
		};
		FB21535E262DE5D800BE529D /* Debug */ = {
			isa = XCBuildConfiguration;
			buildSettings = {
				ASSETCATALOG_COMPILER_APPICON_NAME = AppIcon;
				ASSETCATALOG_COMPILER_GLOBAL_ACCENT_COLOR_NAME = AccentColor;
				CODE_SIGN_STYLE = Automatic;
				DEVELOPMENT_ASSET_PATHS = "\"PriceCalc/Preview Content\"";
				DEVELOPMENT_TEAM = 376A7TU685;
				ENABLE_PREVIEWS = YES;
				INFOPLIST_FILE = PriceCalc/Info.plist;
				IPHONEOS_DEPLOYMENT_TARGET = 14.0;
				LD_RUNPATH_SEARCH_PATHS = (
					"$(inherited)",
					"@executable_path/Frameworks",
				);
				PRODUCT_BUNDLE_IDENTIFIER = com.leonid.PriceCalc;
				PRODUCT_NAME = "$(TARGET_NAME)";
				SWIFT_VERSION = 5.0;
				TARGETED_DEVICE_FAMILY = "1,2";
			};
			name = Debug;
		};
		FB21535F262DE5D800BE529D /* Release */ = {
			isa = XCBuildConfiguration;
			buildSettings = {
				ASSETCATALOG_COMPILER_APPICON_NAME = AppIcon;
				ASSETCATALOG_COMPILER_GLOBAL_ACCENT_COLOR_NAME = AccentColor;
				CODE_SIGN_STYLE = Automatic;
				DEVELOPMENT_ASSET_PATHS = "\"PriceCalc/Preview Content\"";
				DEVELOPMENT_TEAM = 376A7TU685;
				ENABLE_PREVIEWS = YES;
				INFOPLIST_FILE = PriceCalc/Info.plist;
				IPHONEOS_DEPLOYMENT_TARGET = 14.0;
				LD_RUNPATH_SEARCH_PATHS = (
					"$(inherited)",
					"@executable_path/Frameworks",
				);
				PRODUCT_BUNDLE_IDENTIFIER = com.leonid.PriceCalc;
				PRODUCT_NAME = "$(TARGET_NAME)";
				SWIFT_VERSION = 5.0;
				TARGETED_DEVICE_FAMILY = "1,2";
			};
			name = Release;
		};
/* End XCBuildConfiguration section */

/* Begin XCConfigurationList section */
		FB215349262DE5D600BE529D /* Build configuration list for PBXProject "PriceCalc" */ = {
			isa = XCConfigurationList;
			buildConfigurations = (
				FB21535B262DE5D800BE529D /* Debug */,
				FB21535C262DE5D800BE529D /* Release */,
			);
			defaultConfigurationIsVisible = 0;
			defaultConfigurationName = Release;
		};
		FB21535D262DE5D800BE529D /* Build configuration list for PBXNativeTarget "PriceCalc" */ = {
			isa = XCConfigurationList;
			buildConfigurations = (
				FB21535E262DE5D800BE529D /* Debug */,
				FB21535F262DE5D800BE529D /* Release */,
			);
			defaultConfigurationIsVisible = 0;
			defaultConfigurationName = Release;
		};
/* End XCConfigurationList section */
	};
	rootObject = FB215346262DE5D600BE529D /* Project object */;
}
